schema: '2.0'
stages:
  clean_data:
    cmd: python src/data/clean_data.py data/raw/telecom.csv 
      data/processed/telecom_clean.csv
    deps:
    - path: data/raw/telecom.csv
      hash: md5
      md5: 74766610aed198d8f5b2bce5dad01b6e
      size: 391968
    - path: src/data/clean_data.py
      hash: md5
      md5: 512d3c14342fa047ff02fb24c6e8583b
      size: 531
    outs:
    - path: data/processed/telecom_clean.csv
      hash: md5
      md5: 4765c4960be9cdbe249e97eda1b46c20
      size: 391872
  add_features:
    cmd: python src/features/add_features.py data/processed/telecom_clean.csv 
      data/processed/telecom_features.csv
    deps:
    - path: data/processed/telecom_clean.csv
      hash: md5
      md5: 4765c4960be9cdbe249e97eda1b46c20
      size: 391872
    - path: src/features/add_features.py
      hash: md5
      md5: 6f4aa56c341822844a362126eb935160
      size: 785
    outs:
    - path: data/processed/telecom_features.csv
      hash: md5
      md5: b94b737204e12e7fc12dee24f8808af3
      size: 412753
  prepare_dataset:
    cmd: python src/model/prepare_datasets.py 
      data/processed/telecom_features.csv data/processed/train.csv 
      data/processed/test.csv 0.33
    deps:
    - path: data/processed/telecom_features.csv
      hash: md5
      md5: b94b737204e12e7fc12dee24f8808af3
      size: 412753
    - path: src/model/prepare_datasets.py
      hash: md5
      md5: 633dea538dab5a4350139aa121e082dc
      size: 1108
    outs:
    - path: data/processed/test.csv
      hash: md5
      md5: f470f42755280100c9b3e1fd06a17c11
      size: 136524
    - path: data/processed/train.csv
      hash: md5
      md5: 003129994c1ffef3afd10a8a08e2ca8f
      size: 276589
  train:
    cmd: python src/model/train.py data/processed/train.csv models/rf_model.pkl 
      300
    deps:
    - path: data/processed/train.csv
      hash: md5
      md5: 003129994c1ffef3afd10a8a08e2ca8f
      size: 276589
    - path: src/model/train.py
      hash: md5
      md5: d694bd5f6511b7f6601d29509a31394e
      size: 3824
    outs:
    - path: models/rf_model.pkl
      hash: md5
      md5: 32b05b40ba233735182cfa94de2d3e92
      size: 6253
  evaluate:
    cmd: python src/model/evaluate.py data/processed/test.csv 
      models/rf_model.pkl
    deps:
    - path: data/processed/test.csv
      hash: md5
      md5: f470f42755280100c9b3e1fd06a17c11
      size: 136524
    - path: models/rf_model.pkl
      hash: md5
      md5: 32b05b40ba233735182cfa94de2d3e92
      size: 6253
    - path: src/model/evaluate.py
      hash: md5
      md5: b2946bd4fe594ac2f3b239ab028be5f0
      size: 1699
